
Microsoft Visual Studio Solution File, Format Version 12.00
Project("{FAE04EC0-301F-11D3-BF4B-00C04F79EFBC}") = "Tutorial3", "Tutorial3.csproj", "{49CCF9E5-998D-44D8-8950-F110CC447771}"
EndProject
Global
	GlobalSection(SolutionConfigurationPlatforms) = preSolution
		Debug|Any CPU = Debug|Any CPU
		Release|Any CPU = Release|Any CPU
	EndGlobalSection
	GlobalSection(ProjectConfigurationPlatforms) = postSolution
		{49CCF9E5-998D-44D8-8950-F110CC447771}.Debug|Any CPU.ActiveCfg = Debug|Any CPU
		{49CCF9E5-998D-44D8-8950-F110CC447771}.Debug|Any CPU.Build.0 = Debug|Any CPU
		{49CCF9E5-998D-44D8-8950-F110CC447771}.Release|Any CPU.ActiveCfg = Release|Any CPU
		{49CCF9E5-998D-44D8-8950-F110CC447771}.Release|Any CPU.Build.0 = Release|Any CPU
	EndGlobalSection
EndGlobal
